// !$*UTF8*$!
{
	archiveVersion = 1;
	classes = {
	};
	objectVersion = 56;
	objects = {

/* Begin PBXBuildFile section */
		154F38A504EC38EF09BB09B6 /* Pods_HospitalTests.framework in Frameworks */ = {isa = PBXBuildFile; fileRef = 4170A737AB7AF539FCE29FA7 /* Pods_HospitalTests.framework */; };
		7C78616358B150F5DE489166 /* Pods_Hospital_HospitalUITests.framework in Frameworks */ = {isa = PBXBuildFile; fileRef = 10063AD5330B86E27C1316BA /* Pods_Hospital_HospitalUITests.framework */; };
		801FC006CC94561A33AA778A /* Pods_Hospital.framework in Frameworks */ = {isa = PBXBuildFile; fileRef = D40A23BB92C9D3F2C0D0FC55 /* Pods_Hospital.framework */; };
		9E0F992D298E38E8001EC4F2 /* AppDelegate.swift in Sources */ = {isa = PBXBuildFile; fileRef = 9E0F992C298E38E8001EC4F2 /* AppDelegate.swift */; };
		9E0F9936298E38EA001EC4F2 /* Assets.xcassets in Resources */ = {isa = PBXBuildFile; fileRef = 9E0F9935298E38EA001EC4F2 /* Assets.xcassets */; };
		9E0F9939298E38EA001EC4F2 /* LaunchScreen.storyboard in Resources */ = {isa = PBXBuildFile; fileRef = 9E0F9937298E38EA001EC4F2 /* LaunchScreen.storyboard */; };
		9E0F9944298E38EA001EC4F2 /* HospitalTests.swift in Sources */ = {isa = PBXBuildFile; fileRef = 9E0F9943298E38EA001EC4F2 /* HospitalTests.swift */; };
		9E0F994E298E38EB001EC4F2 /* HospitalUITests.swift in Sources */ = {isa = PBXBuildFile; fileRef = 9E0F994D298E38EB001EC4F2 /* HospitalUITests.swift */; };
		9E0F9950298E38EB001EC4F2 /* HospitalUITestsLaunchTests.swift in Sources */ = {isa = PBXBuildFile; fileRef = 9E0F994F298E38EB001EC4F2 /* HospitalUITestsLaunchTests.swift */; };
		9E0F9964298E40F5001EC4F2 /* NRCData.swift in Sources */ = {isa = PBXBuildFile; fileRef = 9E0F9963298E40F5001EC4F2 /* NRCData.swift */; };
		9E0F9967298E42E8001EC4F2 /* LoginViewController.swift in Sources */ = {isa = PBXBuildFile; fileRef = 9E0F9965298E42E8001EC4F2 /* LoginViewController.swift */; };
		9E0F9968298E42E8001EC4F2 /* LoginViewController.xib in Resources */ = {isa = PBXBuildFile; fileRef = 9E0F9966298E42E8001EC4F2 /* LoginViewController.xib */; };
		9E0F996B298E4303001EC4F2 /* SignUpViewController.swift in Sources */ = {isa = PBXBuildFile; fileRef = 9E0F9969298E4303001EC4F2 /* SignUpViewController.swift */; };
		9E0F996C298E4303001EC4F2 /* SignUpViewController.xib in Resources */ = {isa = PBXBuildFile; fileRef = 9E0F996A298E4303001EC4F2 /* SignUpViewController.xib */; };
		9E0F996F298E4389001EC4F2 /* DataService.swift in Sources */ = {isa = PBXBuildFile; fileRef = 9E0F996E298E4389001EC4F2 /* DataService.swift */; };
		9E0F9973298E460A001EC4F2 /* LoginTableViewCell.swift in Sources */ = {isa = PBXBuildFile; fileRef = 9E0F9971298E460A001EC4F2 /* LoginTableViewCell.swift */; };
		9E0F9974298E460A001EC4F2 /* LoginTableViewCell.xib in Resources */ = {isa = PBXBuildFile; fileRef = 9E0F9972298E460A001EC4F2 /* LoginTableViewCell.xib */; };
		9E0F9976298EB5F9001EC4F2 /* SceneDelegate.swift in Sources */ = {isa = PBXBuildFile; fileRef = 9E0F9975298EB5F9001EC4F2 /* SceneDelegate.swift */; };
		9E0F9979298EC06B001EC4F2 /* UIColor+Settings.swift in Sources */ = {isa = PBXBuildFile; fileRef = 9E0F9978298EC06B001EC4F2 /* UIColor+Settings.swift */; };
		9E0F997B298EC1F0001EC4F2 /* LoginButton.swift in Sources */ = {isa = PBXBuildFile; fileRef = 9E0F997A298EC1F0001EC4F2 /* LoginButton.swift */; };
		9E0F997D298EC981001EC4F2 /* UITextField+Settings.swift in Sources */ = {isa = PBXBuildFile; fileRef = 9E0F997C298EC981001EC4F2 /* UITextField+Settings.swift */; };
		9E0F9980298ED98C001EC4F2 /* SignUpTableViewCell.swift in Sources */ = {isa = PBXBuildFile; fileRef = 9E0F997E298ED98C001EC4F2 /* SignUpTableViewCell.swift */; };
		9E0F9981298ED98C001EC4F2 /* SignUpTableViewCell.xib in Resources */ = {isa = PBXBuildFile; fileRef = 9E0F997F298ED98C001EC4F2 /* SignUpTableViewCell.xib */; };
		9E0F9983298EE00B001EC4F2 /* InputTextField.swift in Sources */ = {isa = PBXBuildFile; fileRef = 9E0F9982298EE00B001EC4F2 /* InputTextField.swift */; };
		9E0F9985298EE38A001EC4F2 /* InputTextFieldView.swift in Sources */ = {isa = PBXBuildFile; fileRef = 9E0F9984298EE38A001EC4F2 /* InputTextFieldView.swift */; };
		9E0F9987298EEB7D001EC4F2 /* DateFormat.swift in Sources */ = {isa = PBXBuildFile; fileRef = 9E0F9986298EEB7D001EC4F2 /* DateFormat.swift */; };
		9EA19FDB298F3A2D00F91331 /* UIViewController+Settings.swift in Sources */ = {isa = PBXBuildFile; fileRef = 9EA19FDA298F3A2D00F91331 /* UIViewController+Settings.swift */; };
		9EA19FDD298F55D200F91331 /* LoginRequest.swift in Sources */ = {isa = PBXBuildFile; fileRef = 9EA19FDC298F55D200F91331 /* LoginRequest.swift */; };
		9EA19FDF298F55E000F91331 /* SignupRequest.swift in Sources */ = {isa = PBXBuildFile; fileRef = 9EA19FDE298F55E000F91331 /* SignupRequest.swift */; };
		9EA19FE1298F56B000F91331 /* SignupResponse.swift in Sources */ = {isa = PBXBuildFile; fileRef = 9EA19FE0298F56B000F91331 /* SignupResponse.swift */; };
		9EA19FE3298F653200F91331 /* Client.swift in Sources */ = {isa = PBXBuildFile; fileRef = 9EA19FE2298F653200F91331 /* Client.swift */; };
		9EA19FE5298F675100F91331 /* ApiEndpoint.swift in Sources */ = {isa = PBXBuildFile; fileRef = 9EA19FE4298F675100F91331 /* ApiEndpoint.swift */; };
		9EA19FE7298F830700F91331 /* Router.swift in Sources */ = {isa = PBXBuildFile; fileRef = 9EA19FE6298F830700F91331 /* Router.swift */; };
		9EA19FE9298F9B1400F91331 /* Request.swift in Sources */ = {isa = PBXBuildFile; fileRef = 9EA19FE8298F9B1400F91331 /* Request.swift */; };
		9EA96C79299003FC0060F59C /* LoginResponse.swift in Sources */ = {isa = PBXBuildFile; fileRef = 9EA96C78299003FC0060F59C /* LoginResponse.swift */; };
/* End PBXBuildFile section */

/* Begin PBXContainerItemProxy section */
		9E0F9940298E38EA001EC4F2 /* PBXContainerItemProxy */ = {
			isa = PBXContainerItemProxy;
			containerPortal = 9E0F9921298E38E8001EC4F2 /* Project object */;
			proxyType = 1;
			remoteGlobalIDString = 9E0F9928298E38E8001EC4F2;
			remoteInfo = Hospital;
		};
		9E0F994A298E38EB001EC4F2 /* PBXContainerItemProxy */ = {
			isa = PBXContainerItemProxy;
			containerPortal = 9E0F9921298E38E8001EC4F2 /* Project object */;
			proxyType = 1;
			remoteGlobalIDString = 9E0F9928298E38E8001EC4F2;
			remoteInfo = Hospital;
		};
/* End PBXContainerItemProxy section */

/* Begin PBXFileReference section */
		028F6ECAA3A6F4E794C930C8 /* Pods-Hospital-HospitalUITests.release.xcconfig */ = {isa = PBXFileReference; includeInIndex = 1; lastKnownFileType = text.xcconfig; name = "Pods-Hospital-HospitalUITests.release.xcconfig"; path = "Target Support Files/Pods-Hospital-HospitalUITests/Pods-Hospital-HospitalUITests.release.xcconfig"; sourceTree = "<group>"; };
		10063AD5330B86E27C1316BA /* Pods_Hospital_HospitalUITests.framework */ = {isa = PBXFileReference; explicitFileType = wrapper.framework; includeInIndex = 0; path = Pods_Hospital_HospitalUITests.framework; sourceTree = BUILT_PRODUCTS_DIR; };
		4170A737AB7AF539FCE29FA7 /* Pods_HospitalTests.framework */ = {isa = PBXFileReference; explicitFileType = wrapper.framework; includeInIndex = 0; path = Pods_HospitalTests.framework; sourceTree = BUILT_PRODUCTS_DIR; };
		7DE3DF94A5D3E89925E7329B /* Pods-Hospital.debug.xcconfig */ = {isa = PBXFileReference; includeInIndex = 1; lastKnownFileType = text.xcconfig; name = "Pods-Hospital.debug.xcconfig"; path = "Target Support Files/Pods-Hospital/Pods-Hospital.debug.xcconfig"; sourceTree = "<group>"; };
		95EE745794074886C6FCABBE /* Pods-Hospital-HospitalUITests.debug.xcconfig */ = {isa = PBXFileReference; includeInIndex = 1; lastKnownFileType = text.xcconfig; name = "Pods-Hospital-HospitalUITests.debug.xcconfig"; path = "Target Support Files/Pods-Hospital-HospitalUITests/Pods-Hospital-HospitalUITests.debug.xcconfig"; sourceTree = "<group>"; };
		9E0F9929298E38E8001EC4F2 /* Hospital.app */ = {isa = PBXFileReference; explicitFileType = wrapper.application; includeInIndex = 0; path = Hospital.app; sourceTree = BUILT_PRODUCTS_DIR; };
		9E0F992C298E38E8001EC4F2 /* AppDelegate.swift */ = {isa = PBXFileReference; lastKnownFileType = sourcecode.swift; path = AppDelegate.swift; sourceTree = "<group>"; };
		9E0F9935298E38EA001EC4F2 /* Assets.xcassets */ = {isa = PBXFileReference; lastKnownFileType = folder.assetcatalog; path = Assets.xcassets; sourceTree = "<group>"; };
		9E0F9938298E38EA001EC4F2 /* Base */ = {isa = PBXFileReference; lastKnownFileType = file.storyboard; name = Base; path = Base.lproj/LaunchScreen.storyboard; sourceTree = "<group>"; };
		9E0F993A298E38EA001EC4F2 /* Info.plist */ = {isa = PBXFileReference; lastKnownFileType = text.plist.xml; path = Info.plist; sourceTree = "<group>"; };
		9E0F993F298E38EA001EC4F2 /* HospitalTests.xctest */ = {isa = PBXFileReference; explicitFileType = wrapper.cfbundle; includeInIndex = 0; path = HospitalTests.xctest; sourceTree = BUILT_PRODUCTS_DIR; };
		9E0F9943298E38EA001EC4F2 /* HospitalTests.swift */ = {isa = PBXFileReference; lastKnownFileType = sourcecode.swift; path = HospitalTests.swift; sourceTree = "<group>"; };
		9E0F9949298E38EB001EC4F2 /* HospitalUITests.xctest */ = {isa = PBXFileReference; explicitFileType = wrapper.cfbundle; includeInIndex = 0; path = HospitalUITests.xctest; sourceTree = BUILT_PRODUCTS_DIR; };
		9E0F994D298E38EB001EC4F2 /* HospitalUITests.swift */ = {isa = PBXFileReference; lastKnownFileType = sourcecode.swift; path = HospitalUITests.swift; sourceTree = "<group>"; };
		9E0F994F298E38EB001EC4F2 /* HospitalUITestsLaunchTests.swift */ = {isa = PBXFileReference; lastKnownFileType = sourcecode.swift; path = HospitalUITestsLaunchTests.swift; sourceTree = "<group>"; };
		9E0F9963298E40F5001EC4F2 /* NRCData.swift */ = {isa = PBXFileReference; lastKnownFileType = sourcecode.swift; path = NRCData.swift; sourceTree = "<group>"; };
		9E0F9965298E42E8001EC4F2 /* LoginViewController.swift */ = {isa = PBXFileReference; lastKnownFileType = sourcecode.swift; path = LoginViewController.swift; sourceTree = "<group>"; };
		9E0F9966298E42E8001EC4F2 /* LoginViewController.xib */ = {isa = PBXFileReference; lastKnownFileType = file.xib; path = LoginViewController.xib; sourceTree = "<group>"; };
		9E0F9969298E4303001EC4F2 /* SignUpViewController.swift */ = {isa = PBXFileReference; lastKnownFileType = sourcecode.swift; path = SignUpViewController.swift; sourceTree = "<group>"; };
		9E0F996A298E4303001EC4F2 /* SignUpViewController.xib */ = {isa = PBXFileReference; lastKnownFileType = file.xib; path = SignUpViewController.xib; sourceTree = "<group>"; };
		9E0F996E298E4389001EC4F2 /* DataService.swift */ = {isa = PBXFileReference; lastKnownFileType = sourcecode.swift; path = DataService.swift; sourceTree = "<group>"; };
		9E0F9971298E460A001EC4F2 /* LoginTableViewCell.swift */ = {isa = PBXFileReference; lastKnownFileType = sourcecode.swift; path = LoginTableViewCell.swift; sourceTree = "<group>"; };
		9E0F9972298E460A001EC4F2 /* LoginTableViewCell.xib */ = {isa = PBXFileReference; lastKnownFileType = file.xib; path = LoginTableViewCell.xib; sourceTree = "<group>"; };
		9E0F9975298EB5F9001EC4F2 /* SceneDelegate.swift */ = {isa = PBXFileReference; fileEncoding = 4; lastKnownFileType = sourcecode.swift; name = SceneDelegate.swift; path = Hospital/SceneDelegate.swift; sourceTree = SOURCE_ROOT; };
		9E0F9978298EC06B001EC4F2 /* UIColor+Settings.swift */ = {isa = PBXFileReference; lastKnownFileType = sourcecode.swift; path = "UIColor+Settings.swift"; sourceTree = "<group>"; };
		9E0F997A298EC1F0001EC4F2 /* LoginButton.swift */ = {isa = PBXFileReference; lastKnownFileType = sourcecode.swift; path = LoginButton.swift; sourceTree = "<group>"; };
		9E0F997C298EC981001EC4F2 /* UITextField+Settings.swift */ = {isa = PBXFileReference; lastKnownFileType = sourcecode.swift; path = "UITextField+Settings.swift"; sourceTree = "<group>"; };
		9E0F997E298ED98C001EC4F2 /* SignUpTableViewCell.swift */ = {isa = PBXFileReference; lastKnownFileType = sourcecode.swift; path = SignUpTableViewCell.swift; sourceTree = "<group>"; };
		9E0F997F298ED98C001EC4F2 /* SignUpTableViewCell.xib */ = {isa = PBXFileReference; lastKnownFileType = file.xib; path = SignUpTableViewCell.xib; sourceTree = "<group>"; };
		9E0F9982298EE00B001EC4F2 /* InputTextField.swift */ = {isa = PBXFileReference; lastKnownFileType = sourcecode.swift; path = InputTextField.swift; sourceTree = "<group>"; };
		9E0F9984298EE38A001EC4F2 /* InputTextFieldView.swift */ = {isa = PBXFileReference; lastKnownFileType = sourcecode.swift; path = InputTextFieldView.swift; sourceTree = "<group>"; };
		9E0F9986298EEB7D001EC4F2 /* DateFormat.swift */ = {isa = PBXFileReference; lastKnownFileType = sourcecode.swift; path = DateFormat.swift; sourceTree = "<group>"; };
		9EA19FDA298F3A2D00F91331 /* UIViewController+Settings.swift */ = {isa = PBXFileReference; lastKnownFileType = sourcecode.swift; path = "UIViewController+Settings.swift"; sourceTree = "<group>"; };
		9EA19FDC298F55D200F91331 /* LoginRequest.swift */ = {isa = PBXFileReference; lastKnownFileType = sourcecode.swift; path = LoginRequest.swift; sourceTree = "<group>"; };
		9EA19FDE298F55E000F91331 /* SignupRequest.swift */ = {isa = PBXFileReference; lastKnownFileType = sourcecode.swift; path = SignupRequest.swift; sourceTree = "<group>"; };
		9EA19FE0298F56B000F91331 /* SignupResponse.swift */ = {isa = PBXFileReference; lastKnownFileType = sourcecode.swift; path = SignupResponse.swift; sourceTree = "<group>"; };
		9EA19FE2298F653200F91331 /* Client.swift */ = {isa = PBXFileReference; lastKnownFileType = sourcecode.swift; path = Client.swift; sourceTree = "<group>"; };
		9EA19FE4298F675100F91331 /* ApiEndpoint.swift */ = {isa = PBXFileReference; lastKnownFileType = sourcecode.swift; path = ApiEndpoint.swift; sourceTree = "<group>"; };
		9EA19FE6298F830700F91331 /* Router.swift */ = {isa = PBXFileReference; lastKnownFileType = sourcecode.swift; path = Router.swift; sourceTree = "<group>"; };
		9EA19FE8298F9B1400F91331 /* Request.swift */ = {isa = PBXFileReference; lastKnownFileType = sourcecode.swift; path = Request.swift; sourceTree = "<group>"; };
		9EA96C78299003FC0060F59C /* LoginResponse.swift */ = {isa = PBXFileReference; lastKnownFileType = sourcecode.swift; path = LoginResponse.swift; sourceTree = "<group>"; };
		A6803578E2F50010BC5944EA /* Pods-Hospital.release.xcconfig */ = {isa = PBXFileReference; includeInIndex = 1; lastKnownFileType = text.xcconfig; name = "Pods-Hospital.release.xcconfig"; path = "Target Support Files/Pods-Hospital/Pods-Hospital.release.xcconfig"; sourceTree = "<group>"; };
		C5AFC47D494C6EDEC9AC4D5E /* Pods-HospitalTests.debug.xcconfig */ = {isa = PBXFileReference; includeInIndex = 1; lastKnownFileType = text.xcconfig; name = "Pods-HospitalTests.debug.xcconfig"; path = "Target Support Files/Pods-HospitalTests/Pods-HospitalTests.debug.xcconfig"; sourceTree = "<group>"; };
		D40A23BB92C9D3F2C0D0FC55 /* Pods_Hospital.framework */ = {isa = PBXFileReference; explicitFileType = wrapper.framework; includeInIndex = 0; path = Pods_Hospital.framework; sourceTree = BUILT_PRODUCTS_DIR; };
		D583BE8A16E57D4EBED87294 /* Pods-HospitalTests.release.xcconfig */ = {isa = PBXFileReference; includeInIndex = 1; lastKnownFileType = text.xcconfig; name = "Pods-HospitalTests.release.xcconfig"; path = "Target Support Files/Pods-HospitalTests/Pods-HospitalTests.release.xcconfig"; sourceTree = "<group>"; };
/* End PBXFileReference section */

/* Begin PBXFrameworksBuildPhase section */
		9E0F9926298E38E8001EC4F2 /* Frameworks */ = {
			isa = PBXFrameworksBuildPhase;
			buildActionMask = 2147483647;
			files = (
				801FC006CC94561A33AA778A /* Pods_Hospital.framework in Frameworks */,
			);
			runOnlyForDeploymentPostprocessing = 0;
		};
		9E0F993C298E38EA001EC4F2 /* Frameworks */ = {
			isa = PBXFrameworksBuildPhase;
			buildActionMask = 2147483647;
			files = (
				154F38A504EC38EF09BB09B6 /* Pods_HospitalTests.framework in Frameworks */,
			);
			runOnlyForDeploymentPostprocessing = 0;
		};
		9E0F9946298E38EB001EC4F2 /* Frameworks */ = {
			isa = PBXFrameworksBuildPhase;
			buildActionMask = 2147483647;
			files = (
				7C78616358B150F5DE489166 /* Pods_Hospital_HospitalUITests.framework in Frameworks */,
			);
			runOnlyForDeploymentPostprocessing = 0;
		};
/* End PBXFrameworksBuildPhase section */

/* Begin PBXGroup section */
		2C668313AFC544052DB79279 /* Pods */ = {
			isa = PBXGroup;
			children = (
				7DE3DF94A5D3E89925E7329B /* Pods-Hospital.debug.xcconfig */,
				A6803578E2F50010BC5944EA /* Pods-Hospital.release.xcconfig */,
				95EE745794074886C6FCABBE /* Pods-Hospital-HospitalUITests.debug.xcconfig */,
				028F6ECAA3A6F4E794C930C8 /* Pods-Hospital-HospitalUITests.release.xcconfig */,
				C5AFC47D494C6EDEC9AC4D5E /* Pods-HospitalTests.debug.xcconfig */,
				D583BE8A16E57D4EBED87294 /* Pods-HospitalTests.release.xcconfig */,
			);
			path = Pods;
			sourceTree = "<group>";
		};
		9E0F9920298E38E8001EC4F2 = {
			isa = PBXGroup;
			children = (
				9E0F992B298E38E8001EC4F2 /* Hospital */,
				9E0F9942298E38EA001EC4F2 /* HospitalTests */,
				9E0F994C298E38EB001EC4F2 /* HospitalUITests */,
				9E0F992A298E38E8001EC4F2 /* Products */,
				2C668313AFC544052DB79279 /* Pods */,
				DEB8D3CA5284372C1B6456C9 /* Frameworks */,
			);
			sourceTree = "<group>";
		};
		9E0F992A298E38E8001EC4F2 /* Products */ = {
			isa = PBXGroup;
			children = (
				9E0F9929298E38E8001EC4F2 /* Hospital.app */,
				9E0F993F298E38EA001EC4F2 /* HospitalTests.xctest */,
				9E0F9949298E38EB001EC4F2 /* HospitalUITests.xctest */,
			);
			name = Products;
			sourceTree = "<group>";
		};
		9E0F992B298E38E8001EC4F2 /* Hospital */ = {
			isa = PBXGroup;
			children = (
				9E0F9962298E3F3C001EC4F2 /* Assets */,
				9E0F995C298E3BDA001EC4F2 /* Model */,
				9E0F9960298E3E27001EC4F2 /* View */,
				9E0F9961298E3EAE001EC4F2 /* Controller */,
				9E0F992C298E38E8001EC4F2 /* AppDelegate.swift */,
				9E0F9975298EB5F9001EC4F2 /* SceneDelegate.swift */,
				9E0F993A298E38EA001EC4F2 /* Info.plist */,
			);
			path = Hospital;
			sourceTree = "<group>";
		};
		9E0F9942298E38EA001EC4F2 /* HospitalTests */ = {
			isa = PBXGroup;
			children = (
				9E0F9943298E38EA001EC4F2 /* HospitalTests.swift */,
			);
			path = HospitalTests;
			sourceTree = "<group>";
		};
		9E0F994C298E38EB001EC4F2 /* HospitalUITests */ = {
			isa = PBXGroup;
			children = (
				9E0F994D298E38EB001EC4F2 /* HospitalUITests.swift */,
				9E0F994F298E38EB001EC4F2 /* HospitalUITestsLaunchTests.swift */,
			);
			path = HospitalUITests;
			sourceTree = "<group>";
		};
		9E0F995C298E3BDA001EC4F2 /* Model */ = {
			isa = PBXGroup;
			children = (
				9E0F995F298E3E14001EC4F2 /* Request */,
				9E0F995E298E3DFD001EC4F2 /* Response */,
				9E0F995D298E3C29001EC4F2 /* Data */,
			);
			path = Model;
			sourceTree = "<group>";
		};
		9E0F995D298E3C29001EC4F2 /* Data */ = {
			isa = PBXGroup;
			children = (
				9E0F9963298E40F5001EC4F2 /* NRCData.swift */,
				9E0F996E298E4389001EC4F2 /* DataService.swift */,
			);
			path = Data;
			sourceTree = "<group>";
		};
		9E0F995E298E3DFD001EC4F2 /* Response */ = {
			isa = PBXGroup;
			children = (
				9EA19FE0298F56B000F91331 /* SignupResponse.swift */,
				9EA96C78299003FC0060F59C /* LoginResponse.swift */,
			);
			path = Response;
			sourceTree = "<group>";
		};
		9E0F995F298E3E14001EC4F2 /* Request */ = {
			isa = PBXGroup;
			children = (
				9EA19FDC298F55D200F91331 /* LoginRequest.swift */,
				9EA19FDE298F55E000F91331 /* SignupRequest.swift */,
				9EA19FE2298F653200F91331 /* Client.swift */,
				9EA19FE4298F675100F91331 /* ApiEndpoint.swift */,
				9EA19FE6298F830700F91331 /* Router.swift */,
				9EA19FE8298F9B1400F91331 /* Request.swift */,
			);
			path = Request;
			sourceTree = "<group>";
		};
		9E0F9960298E3E27001EC4F2 /* View */ = {
			isa = PBXGroup;
			children = (
				9E0F9977298EC044001EC4F2 /* Extension */,
				9E0F9970298E45E4001EC4F2 /* Cell */,
				9E0F996D298E4323001EC4F2 /* Xib */,
				9E0F997A298EC1F0001EC4F2 /* LoginButton.swift */,
				9E0F9982298EE00B001EC4F2 /* InputTextField.swift */,
				9E0F9984298EE38A001EC4F2 /* InputTextFieldView.swift */,
			);
			path = View;
			sourceTree = "<group>";
		};
		9E0F9961298E3EAE001EC4F2 /* Controller */ = {
			isa = PBXGroup;
			children = (
				9E0F9965298E42E8001EC4F2 /* LoginViewController.swift */,
				9E0F9969298E4303001EC4F2 /* SignUpViewController.swift */,
			);
			path = Controller;
			sourceTree = "<group>";
		};
		9E0F9962298E3F3C001EC4F2 /* Assets */ = {
			isa = PBXGroup;
			children = (
				9E0F9937298E38EA001EC4F2 /* LaunchScreen.storyboard */,
				9E0F9935298E38EA001EC4F2 /* Assets.xcassets */,
			);
			path = Assets;
			sourceTree = "<group>";
		};
		9E0F996D298E4323001EC4F2 /* Xib */ = {
			isa = PBXGroup;
			children = (
				9E0F9966298E42E8001EC4F2 /* LoginViewController.xib */,
				9E0F996A298E4303001EC4F2 /* SignUpViewController.xib */,
			);
			path = Xib;
			sourceTree = "<group>";
		};
		9E0F9970298E45E4001EC4F2 /* Cell */ = {
			isa = PBXGroup;
			children = (
				9E0F9971298E460A001EC4F2 /* LoginTableViewCell.swift */,
				9E0F9972298E460A001EC4F2 /* LoginTableViewCell.xib */,
				9E0F997E298ED98C001EC4F2 /* SignUpTableViewCell.swift */,
				9E0F997F298ED98C001EC4F2 /* SignUpTableViewCell.xib */,
			);
			path = Cell;
			sourceTree = "<group>";
		};
		9E0F9977298EC044001EC4F2 /* Extension */ = {
			isa = PBXGroup;
			children = (
				9E0F9978298EC06B001EC4F2 /* UIColor+Settings.swift */,
				9E0F997C298EC981001EC4F2 /* UITextField+Settings.swift */,
				9E0F9986298EEB7D001EC4F2 /* DateFormat.swift */,
				9EA19FDA298F3A2D00F91331 /* UIViewController+Settings.swift */,
			);
			path = Extension;
			sourceTree = "<group>";
		};
		DEB8D3CA5284372C1B6456C9 /* Frameworks */ = {
			isa = PBXGroup;
			children = (
				D40A23BB92C9D3F2C0D0FC55 /* Pods_Hospital.framework */,
				10063AD5330B86E27C1316BA /* Pods_Hospital_HospitalUITests.framework */,
				4170A737AB7AF539FCE29FA7 /* Pods_HospitalTests.framework */,
			);
			name = Frameworks;
			sourceTree = "<group>";
		};
/* End PBXGroup section */

/* Begin PBXNativeTarget section */
		9E0F9928298E38E8001EC4F2 /* Hospital */ = {
			isa = PBXNativeTarget;
			buildConfigurationList = 9E0F9953298E38EB001EC4F2 /* Build configuration list for PBXNativeTarget "Hospital" */;
			buildPhases = (
				AB5BD47555B202433DAE52B4 /* [CP] Check Pods Manifest.lock */,
				9E0F9925298E38E8001EC4F2 /* Sources */,
				9E0F9926298E38E8001EC4F2 /* Frameworks */,
				9E0F9927298E38E8001EC4F2 /* Resources */,
				77B5228E558FE73BD44D9BBB /* [CP] Embed Pods Frameworks */,
			);
			buildRules = (
			);
			dependencies = (
			);
			name = Hospital;
			productName = Hospital;
			productReference = 9E0F9929298E38E8001EC4F2 /* Hospital.app */;
			productType = "com.apple.product-type.application";
		};
		9E0F993E298E38EA001EC4F2 /* HospitalTests */ = {
			isa = PBXNativeTarget;
			buildConfigurationList = 9E0F9956298E38EB001EC4F2 /* Build configuration list for PBXNativeTarget "HospitalTests" */;
			buildPhases = (
				4CAAB17653F41F8EBBF403CC /* [CP] Check Pods Manifest.lock */,
				9E0F993B298E38EA001EC4F2 /* Sources */,
				9E0F993C298E38EA001EC4F2 /* Frameworks */,
				9E0F993D298E38EA001EC4F2 /* Resources */,
			);
			buildRules = (
			);
			dependencies = (
				9E0F9941298E38EA001EC4F2 /* PBXTargetDependency */,
			);
			name = HospitalTests;
			productName = HospitalTests;
			productReference = 9E0F993F298E38EA001EC4F2 /* HospitalTests.xctest */;
			productType = "com.apple.product-type.bundle.unit-test";
		};
		9E0F9948298E38EB001EC4F2 /* HospitalUITests */ = {
			isa = PBXNativeTarget;
			buildConfigurationList = 9E0F9959298E38EB001EC4F2 /* Build configuration list for PBXNativeTarget "HospitalUITests" */;
			buildPhases = (
				362F596A6276DF29C7CBE1B8 /* [CP] Check Pods Manifest.lock */,
				9E0F9945298E38EB001EC4F2 /* Sources */,
				9E0F9946298E38EB001EC4F2 /* Frameworks */,
				9E0F9947298E38EB001EC4F2 /* Resources */,
				31DFB2868E75954FAAEFAE8F /* [CP] Embed Pods Frameworks */,
			);
			buildRules = (
			);
			dependencies = (
				9E0F994B298E38EB001EC4F2 /* PBXTargetDependency */,
			);
			name = HospitalUITests;
			productName = HospitalUITests;
			productReference = 9E0F9949298E38EB001EC4F2 /* HospitalUITests.xctest */;
			productType = "com.apple.product-type.bundle.ui-testing";
		};
/* End PBXNativeTarget section */

/* Begin PBXProject section */
		9E0F9921298E38E8001EC4F2 /* Project object */ = {
			isa = PBXProject;
			attributes = {
				BuildIndependentTargetsInParallel = 1;
				LastSwiftUpdateCheck = 1420;
				LastUpgradeCheck = 1420;
				TargetAttributes = {
					9E0F9928298E38E8001EC4F2 = {
						CreatedOnToolsVersion = 14.2;
					};
					9E0F993E298E38EA001EC4F2 = {
						CreatedOnToolsVersion = 14.2;
						TestTargetID = 9E0F9928298E38E8001EC4F2;
					};
					9E0F9948298E38EB001EC4F2 = {
						CreatedOnToolsVersion = 14.2;
						TestTargetID = 9E0F9928298E38E8001EC4F2;
					};
				};
			};
			buildConfigurationList = 9E0F9924298E38E8001EC4F2 /* Build configuration list for PBXProject "Hospital" */;
			compatibilityVersion = "Xcode 14.0";
			developmentRegion = en;
			hasScannedForEncodings = 0;
			knownRegions = (
				en,
				Base,
			);
			mainGroup = 9E0F9920298E38E8001EC4F2;
			productRefGroup = 9E0F992A298E38E8001EC4F2 /* Products */;
			projectDirPath = "";
			projectRoot = "";
			targets = (
				9E0F9928298E38E8001EC4F2 /* Hospital */,
				9E0F993E298E38EA001EC4F2 /* HospitalTests */,
				9E0F9948298E38EB001EC4F2 /* HospitalUITests */,
			);
		};
/* End PBXProject section */

/* Begin PBXResourcesBuildPhase section */
		9E0F9927298E38E8001EC4F2 /* Resources */ = {
			isa = PBXResourcesBuildPhase;
			buildActionMask = 2147483647;
			files = (
				9E0F9939298E38EA001EC4F2 /* LaunchScreen.storyboard in Resources */,
				9E0F9981298ED98C001EC4F2 /* SignUpTableViewCell.xib in Resources */,
				9E0F9936298E38EA001EC4F2 /* Assets.xcassets in Resources */,
				9E0F9974298E460A001EC4F2 /* LoginTableViewCell.xib in Resources */,
				9E0F996C298E4303001EC4F2 /* SignUpViewController.xib in Resources */,
				9E0F9968298E42E8001EC4F2 /* LoginViewController.xib in Resources */,
			);
			runOnlyForDeploymentPostprocessing = 0;
		};
		9E0F993D298E38EA001EC4F2 /* Resources */ = {
			isa = PBXResourcesBuildPhase;
			buildActionMask = 2147483647;
			files = (
			);
			runOnlyForDeploymentPostprocessing = 0;
		};
		9E0F9947298E38EB001EC4F2 /* Resources */ = {
			isa = PBXResourcesBuildPhase;
			buildActionMask = 2147483647;
			files = (
			);
			runOnlyForDeploymentPostprocessing = 0;
		};
/* End PBXResourcesBuildPhase section */

/* Begin PBXShellScriptBuildPhase section */
		31DFB2868E75954FAAEFAE8F /* [CP] Embed Pods Frameworks */ = {
			isa = PBXShellScriptBuildPhase;
			buildActionMask = 2147483647;
			files = (
			);
			inputFileListPaths = (
				"${PODS_ROOT}/Target Support Files/Pods-Hospital-HospitalUITests/Pods-Hospital-HospitalUITests-frameworks-${CONFIGURATION}-input-files.xcfilelist",
			);
			name = "[CP] Embed Pods Frameworks";
			outputFileListPaths = (
				"${PODS_ROOT}/Target Support Files/Pods-Hospital-HospitalUITests/Pods-Hospital-HospitalUITests-frameworks-${CONFIGURATION}-output-files.xcfilelist",
			);
			runOnlyForDeploymentPostprocessing = 0;
			shellPath = /bin/sh;
			shellScript = "\"${PODS_ROOT}/Target Support Files/Pods-Hospital-HospitalUITests/Pods-Hospital-HospitalUITests-frameworks.sh\"\n";
			showEnvVarsInLog = 0;
		};
		362F596A6276DF29C7CBE1B8 /* [CP] Check Pods Manifest.lock */ = {
			isa = PBXShellScriptBuildPhase;
			buildActionMask = 2147483647;
			files = (
			);
			inputFileListPaths = (
			);
			inputPaths = (
				"${PODS_PODFILE_DIR_PATH}/Podfile.lock",
				"${PODS_ROOT}/Manifest.lock",
			);
			name = "[CP] Check Pods Manifest.lock";
			outputFileListPaths = (
			);
			outputPaths = (
				"$(DERIVED_FILE_DIR)/Pods-Hospital-HospitalUITests-checkManifestLockResult.txt",
			);
			runOnlyForDeploymentPostprocessing = 0;
			shellPath = /bin/sh;
			shellScript = "diff \"${PODS_PODFILE_DIR_PATH}/Podfile.lock\" \"${PODS_ROOT}/Manifest.lock\" > /dev/null\nif [ $? != 0 ] ; then\n    # print error to STDERR\n    echo \"error: The sandbox is not in sync with the Podfile.lock. Run 'pod install' or update your CocoaPods installation.\" >&2\n    exit 1\nfi\n# This output is used by Xcode 'outputs' to avoid re-running this script phase.\necho \"SUCCESS\" > \"${SCRIPT_OUTPUT_FILE_0}\"\n";
			showEnvVarsInLog = 0;
		};
		4CAAB17653F41F8EBBF403CC /* [CP] Check Pods Manifest.lock */ = {
			isa = PBXShellScriptBuildPhase;
			buildActionMask = 2147483647;
			files = (
			);
			inputFileListPaths = (
			);
			inputPaths = (
				"${PODS_PODFILE_DIR_PATH}/Podfile.lock",
				"${PODS_ROOT}/Manifest.lock",
			);
			name = "[CP] Check Pods Manifest.lock";
			outputFileListPaths = (
			);
			outputPaths = (
				"$(DERIVED_FILE_DIR)/Pods-HospitalTests-checkManifestLockResult.txt",
			);
			runOnlyForDeploymentPostprocessing = 0;
			shellPath = /bin/sh;
			shellScript = "diff \"${PODS_PODFILE_DIR_PATH}/Podfile.lock\" \"${PODS_ROOT}/Manifest.lock\" > /dev/null\nif [ $? != 0 ] ; then\n    # print error to STDERR\n    echo \"error: The sandbox is not in sync with the Podfile.lock. Run 'pod install' or update your CocoaPods installation.\" >&2\n    exit 1\nfi\n# This output is used by Xcode 'outputs' to avoid re-running this script phase.\necho \"SUCCESS\" > \"${SCRIPT_OUTPUT_FILE_0}\"\n";
			showEnvVarsInLog = 0;
		};
		77B5228E558FE73BD44D9BBB /* [CP] Embed Pods Frameworks */ = {
			isa = PBXShellScriptBuildPhase;
			buildActionMask = 2147483647;
			files = (
			);
			inputFileListPaths = (
				"${PODS_ROOT}/Target Support Files/Pods-Hospital/Pods-Hospital-frameworks-${CONFIGURATION}-input-files.xcfilelist",
			);
			name = "[CP] Embed Pods Frameworks";
			outputFileListPaths = (
				"${PODS_ROOT}/Target Support Files/Pods-Hospital/Pods-Hospital-frameworks-${CONFIGURATION}-output-files.xcfilelist",
			);
			runOnlyForDeploymentPostprocessing = 0;
			shellPath = /bin/sh;
			shellScript = "\"${PODS_ROOT}/Target Support Files/Pods-Hospital/Pods-Hospital-frameworks.sh\"\n";
			showEnvVarsInLog = 0;
		};
		AB5BD47555B202433DAE52B4 /* [CP] Check Pods Manifest.lock */ = {
			isa = PBXShellScriptBuildPhase;
			buildActionMask = 2147483647;
			files = (
			);
			inputFileListPaths = (
			);
			inputPaths = (
				"${PODS_PODFILE_DIR_PATH}/Podfile.lock",
				"${PODS_ROOT}/Manifest.lock",
			);
			name = "[CP] Check Pods Manifest.lock";
			outputFileListPaths = (
			);
			outputPaths = (
				"$(DERIVED_FILE_DIR)/Pods-Hospital-checkManifestLockResult.txt",
			);
			runOnlyForDeploymentPostprocessing = 0;
			shellPath = /bin/sh;
			shellScript = "diff \"${PODS_PODFILE_DIR_PATH}/Podfile.lock\" \"${PODS_ROOT}/Manifest.lock\" > /dev/null\nif [ $? != 0 ] ; then\n    # print error to STDERR\n    echo \"error: The sandbox is not in sync with the Podfile.lock. Run 'pod install' or update your CocoaPods installation.\" >&2\n    exit 1\nfi\n# This output is used by Xcode 'outputs' to avoid re-running this script phase.\necho \"SUCCESS\" > \"${SCRIPT_OUTPUT_FILE_0}\"\n";
			showEnvVarsInLog = 0;
		};
/* End PBXShellScriptBuildPhase section */

/* Begin PBXSourcesBuildPhase section */
		9E0F9925298E38E8001EC4F2 /* Sources */ = {
			isa = PBXSourcesBuildPhase;
			buildActionMask = 2147483647;
			files = (
				9E0F996B298E4303001EC4F2 /* SignUpViewController.swift in Sources */,
				9E0F997B298EC1F0001EC4F2 /* LoginButton.swift in Sources */,
				9EA96C79299003FC0060F59C /* LoginResponse.swift in Sources */,
				9EA19FDB298F3A2D00F91331 /* UIViewController+Settings.swift in Sources */,
				9EA19FE3298F653200F91331 /* Client.swift in Sources */,
				9E0F997D298EC981001EC4F2 /* UITextField+Settings.swift in Sources */,
				9E0F9985298EE38A001EC4F2 /* InputTextFieldView.swift in Sources */,
				9E0F996F298E4389001EC4F2 /* DataService.swift in Sources */,
				9E0F9983298EE00B001EC4F2 /* InputTextField.swift in Sources */,
				9E0F9987298EEB7D001EC4F2 /* DateFormat.swift in Sources */,
				9E0F9979298EC06B001EC4F2 /* UIColor+Settings.swift in Sources */,
				9EA19FE7298F830700F91331 /* Router.swift in Sources */,
				9E0F9964298E40F5001EC4F2 /* NRCData.swift in Sources */,
				9E0F992D298E38E8001EC4F2 /* AppDelegate.swift in Sources */,
				9E0F9980298ED98C001EC4F2 /* SignUpTableViewCell.swift in Sources */,
				9EA19FE1298F56B000F91331 /* SignupResponse.swift in Sources */,
				9EA19FE9298F9B1400F91331 /* Request.swift in Sources */,
				9E0F9967298E42E8001EC4F2 /* LoginViewController.swift in Sources */,
				9E0F9973298E460A001EC4F2 /* LoginTableViewCell.swift in Sources */,
				9EA19FDF298F55E000F91331 /* SignupRequest.swift in Sources */,
				9E0F9976298EB5F9001EC4F2 /* SceneDelegate.swift in Sources */,
				9EA19FDD298F55D200F91331 /* LoginRequest.swift in Sources */,
				9EA19FE5298F675100F91331 /* ApiEndpoint.swift in Sources */,
			);
			runOnlyForDeploymentPostprocessing = 0;
		};
		9E0F993B298E38EA001EC4F2 /* Sources */ = {
			isa = PBXSourcesBuildPhase;
			buildActionMask = 2147483647;
			files = (
				9E0F9944298E38EA001EC4F2 /* HospitalTests.swift in Sources */,
			);
			runOnlyForDeploymentPostprocessing = 0;
		};
		9E0F9945298E38EB001EC4F2 /* Sources */ = {
			isa = PBXSourcesBuildPhase;
			buildActionMask = 2147483647;
			files = (
				9E0F9950298E38EB001EC4F2 /* HospitalUITestsLaunchTests.swift in Sources */,
				9E0F994E298E38EB001EC4F2 /* HospitalUITests.swift in Sources */,
			);
			runOnlyForDeploymentPostprocessing = 0;
		};
/* End PBXSourcesBuildPhase section */

/* Begin PBXTargetDependency section */
		9E0F9941298E38EA001EC4F2 /* PBXTargetDependency */ = {
			isa = PBXTargetDependency;
			target = 9E0F9928298E38E8001EC4F2 /* Hospital */;
			targetProxy = 9E0F9940298E38EA001EC4F2 /* PBXContainerItemProxy */;
		};
		9E0F994B298E38EB001EC4F2 /* PBXTargetDependency */ = {
			isa = PBXTargetDependency;
			target = 9E0F9928298E38E8001EC4F2 /* Hospital */;
			targetProxy = 9E0F994A298E38EB001EC4F2 /* PBXContainerItemProxy */;
		};
/* End PBXTargetDependency section */

/* Begin PBXVariantGroup section */
		9E0F9937298E38EA001EC4F2 /* LaunchScreen.storyboard */ = {
			isa = PBXVariantGroup;
			children = (
				9E0F9938298E38EA001EC4F2 /* Base */,
			);
			name = LaunchScreen.storyboard;
			sourceTree = "<group>";
		};
/* End PBXVariantGroup section */

/* Begin XCBuildConfiguration section */
		9E0F9951298E38EB001EC4F2 /* Debug */ = {
			isa = XCBuildConfiguration;
			buildSettings = {
				ALWAYS_SEARCH_USER_PATHS = NO;
				CLANG_ANALYZER_NONNULL = YES;
				CLANG_ANALYZER_NUMBER_OBJECT_CONVERSION = YES_AGGRESSIVE;
				CLANG_CXX_LANGUAGE_STANDARD = "gnu++20";
				CLANG_ENABLE_MODULES = YES;
				CLANG_ENABLE_OBJC_ARC = YES;
				CLANG_ENABLE_OBJC_WEAK = YES;
				CLANG_WARN_BLOCK_CAPTURE_AUTORELEASING = YES;
				CLANG_WARN_BOOL_CONVERSION = YES;
				CLANG_WARN_COMMA = YES;
				CLANG_WARN_CONSTANT_CONVERSION = YES;
				CLANG_WARN_DEPRECATED_OBJC_IMPLEMENTATIONS = YES;
				CLANG_WARN_DIRECT_OBJC_ISA_USAGE = YES_ERROR;
				CLANG_WARN_DOCUMENTATION_COMMENTS = YES;
				CLANG_WARN_EMPTY_BODY = YES;
				CLANG_WARN_ENUM_CONVERSION = YES;
				CLANG_WARN_INFINITE_RECURSION = YES;
				CLANG_WARN_INT_CONVERSION = YES;
				CLANG_WARN_NON_LITERAL_NULL_CONVERSION = YES;
				CLANG_WARN_OBJC_IMPLICIT_RETAIN_SELF = YES;
				CLANG_WARN_OBJC_LITERAL_CONVERSION = YES;
				CLANG_WARN_OBJC_ROOT_CLASS = YES_ERROR;
				CLANG_WARN_QUOTED_INCLUDE_IN_FRAMEWORK_HEADER = YES;
				CLANG_WARN_RANGE_LOOP_ANALYSIS = YES;
				CLANG_WARN_STRICT_PROTOTYPES = YES;
				CLANG_WARN_SUSPICIOUS_MOVE = YES;
				CLANG_WARN_UNGUARDED_AVAILABILITY = YES_AGGRESSIVE;
				CLANG_WARN_UNREACHABLE_CODE = YES;
				CLANG_WARN__DUPLICATE_METHOD_MATCH = YES;
				COPY_PHASE_STRIP = NO;
				DEBUG_INFORMATION_FORMAT = dwarf;
				ENABLE_STRICT_OBJC_MSGSEND = YES;
				ENABLE_TESTABILITY = YES;
				GCC_C_LANGUAGE_STANDARD = gnu11;
				GCC_DYNAMIC_NO_PIC = NO;
				GCC_NO_COMMON_BLOCKS = YES;
				GCC_OPTIMIZATION_LEVEL = 0;
				GCC_PREPROCESSOR_DEFINITIONS = (
					"DEBUG=1",
					"$(inherited)",
				);
				GCC_WARN_64_TO_32_BIT_CONVERSION = YES;
				GCC_WARN_ABOUT_RETURN_TYPE = YES_ERROR;
				GCC_WARN_UNDECLARED_SELECTOR = YES;
				GCC_WARN_UNINITIALIZED_AUTOS = YES_AGGRESSIVE;
				GCC_WARN_UNUSED_FUNCTION = YES;
				GCC_WARN_UNUSED_VARIABLE = YES;
				IPHONEOS_DEPLOYMENT_TARGET = 13.0;
				MTL_ENABLE_DEBUG_INFO = INCLUDE_SOURCE;
				MTL_FAST_MATH = YES;
				ONLY_ACTIVE_ARCH = YES;
				SDKROOT = iphoneos;
				SWIFT_ACTIVE_COMPILATION_CONDITIONS = DEBUG;
				SWIFT_OPTIMIZATION_LEVEL = "-Onone";
			};
			name = Debug;
		};
		9E0F9952298E38EB001EC4F2 /* Release */ = {
			isa = XCBuildConfiguration;
			buildSettings = {
				ALWAYS_SEARCH_USER_PATHS = NO;
				CLANG_ANALYZER_NONNULL = YES;
				CLANG_ANALYZER_NUMBER_OBJECT_CONVERSION = YES_AGGRESSIVE;
				CLANG_CXX_LANGUAGE_STANDARD = "gnu++20";
				CLANG_ENABLE_MODULES = YES;
				CLANG_ENABLE_OBJC_ARC = YES;
				CLANG_ENABLE_OBJC_WEAK = YES;
				CLANG_WARN_BLOCK_CAPTURE_AUTORELEASING = YES;
				CLANG_WARN_BOOL_CONVERSION = YES;
				CLANG_WARN_COMMA = YES;
				CLANG_WARN_CONSTANT_CONVERSION = YES;
				CLANG_WARN_DEPRECATED_OBJC_IMPLEMENTATIONS = YES;
				CLANG_WARN_DIRECT_OBJC_ISA_USAGE = YES_ERROR;
				CLANG_WARN_DOCUMENTATION_COMMENTS = YES;
				CLANG_WARN_EMPTY_BODY = YES;
				CLANG_WARN_ENUM_CONVERSION = YES;
				CLANG_WARN_INFINITE_RECURSION = YES;
				CLANG_WARN_INT_CONVERSION = YES;
				CLANG_WARN_NON_LITERAL_NULL_CONVERSION = YES;
				CLANG_WARN_OBJC_IMPLICIT_RETAIN_SELF = YES;
				CLANG_WARN_OBJC_LITERAL_CONVERSION = YES;
				CLANG_WARN_OBJC_ROOT_CLASS = YES_ERROR;
				CLANG_WARN_QUOTED_INCLUDE_IN_FRAMEWORK_HEADER = YES;
				CLANG_WARN_RANGE_LOOP_ANALYSIS = YES;
				CLANG_WARN_STRICT_PROTOTYPES = YES;
				CLANG_WARN_SUSPICIOUS_MOVE = YES;
				CLANG_WARN_UNGUARDED_AVAILABILITY = YES_AGGRESSIVE;
				CLANG_WARN_UNREACHABLE_CODE = YES;
				CLANG_WARN__DUPLICATE_METHOD_MATCH = YES;
				COPY_PHASE_STRIP = NO;
				DEBUG_INFORMATION_FORMAT = "dwarf-with-dsym";
				ENABLE_NS_ASSERTIONS = NO;
				ENABLE_STRICT_OBJC_MSGSEND = YES;
				GCC_C_LANGUAGE_STANDARD = gnu11;
				GCC_NO_COMMON_BLOCKS = YES;
				GCC_WARN_64_TO_32_BIT_CONVERSION = YES;
				GCC_WARN_ABOUT_RETURN_TYPE = YES_ERROR;
				GCC_WARN_UNDECLARED_SELECTOR = YES;
				GCC_WARN_UNINITIALIZED_AUTOS = YES_AGGRESSIVE;
				GCC_WARN_UNUSED_FUNCTION = YES;
				GCC_WARN_UNUSED_VARIABLE = YES;
				IPHONEOS_DEPLOYMENT_TARGET = 13.0;
				MTL_ENABLE_DEBUG_INFO = NO;
				MTL_FAST_MATH = YES;
				SDKROOT = iphoneos;
				SWIFT_COMPILATION_MODE = wholemodule;
				SWIFT_OPTIMIZATION_LEVEL = "-O";
				VALIDATE_PRODUCT = YES;
			};
			name = Release;
		};
		9E0F9954298E38EB001EC4F2 /* Debug */ = {
			isa = XCBuildConfiguration;
			baseConfigurationReference = 7DE3DF94A5D3E89925E7329B /* Pods-Hospital.debug.xcconfig */;
			buildSettings = {
				ASSETCATALOG_COMPILER_APPICON_NAME = AppIcon;
				ASSETCATALOG_COMPILER_GLOBAL_ACCENT_COLOR_NAME = AccentColor;
				CODE_SIGN_STYLE = Automatic;
				CURRENT_PROJECT_VERSION = 1;
				DEVELOPMENT_TEAM = V7SVWD59T3;
				GENERATE_INFOPLIST_FILE = YES;
				INFOPLIST_FILE = Hospital/Info.plist;
				INFOPLIST_KEY_UIApplicationSupportsIndirectInputEvents = YES;
				INFOPLIST_KEY_UILaunchStoryboardName = LaunchScreen.storyboard;
				INFOPLIST_KEY_UISupportedInterfaceOrientations_iPad = "UIInterfaceOrientationPortrait UIInterfaceOrientationPortraitUpsideDown UIInterfaceOrientationLandscapeLeft UIInterfaceOrientationLandscapeRight";
				INFOPLIST_KEY_UISupportedInterfaceOrientations_iPhone = "UIInterfaceOrientationPortrait UIInterfaceOrientationLandscapeLeft UIInterfaceOrientationLandscapeRight";
				INFOPLIST_KEY_UIUserInterfaceStyle = Light;
				LD_RUNPATH_SEARCH_PATHS = (
					"$(inherited)",
					"@executable_path/Frameworks",
				);
				MARKETING_VERSION = 1.0;
				PRODUCT_BUNDLE_IDENTIFIER = com.Hospital;
				PRODUCT_NAME = "$(TARGET_NAME)";
				SWIFT_EMIT_LOC_STRINGS = YES;
				SWIFT_VERSION = 5.0;
				TARGETED_DEVICE_FAMILY = "1,2";
			};
			name = Debug;
		};
		9E0F9955298E38EB001EC4F2 /* Release */ = {
			isa = XCBuildConfiguration;
			baseConfigurationReference = A6803578E2F50010BC5944EA /* Pods-Hospital.release.xcconfig */;
			buildSettings = {
				ASSETCATALOG_COMPILER_APPICON_NAME = AppIcon;
				ASSETCATALOG_COMPILER_GLOBAL_ACCENT_COLOR_NAME = AccentColor;
				CODE_SIGN_STYLE = Automatic;
				CURRENT_PROJECT_VERSION = 1;
				DEVELOPMENT_TEAM = V7SVWD59T3;
				GENERATE_INFOPLIST_FILE = YES;
				INFOPLIST_FILE = Hospital/Info.plist;
				INFOPLIST_KEY_UIApplicationSupportsIndirectInputEvents = YES;
				INFOPLIST_KEY_UILaunchStoryboardName = LaunchScreen.storyboard;
				INFOPLIST_KEY_UISupportedInterfaceOrientations_iPad = "UIInterfaceOrientationPortrait UIInterfaceOrientationPortraitUpsideDown UIInterfaceOrientationLandscapeLeft UIInterfaceOrientationLandscapeRight";
				INFOPLIST_KEY_UISupportedInterfaceOrientations_iPhone = "UIInterfaceOrientationPortrait UIInterfaceOrientationLandscapeLeft UIInterfaceOrientationLandscapeRight";
				INFOPLIST_KEY_UIUserInterfaceStyle = Light;
				LD_RUNPATH_SEARCH_PATHS = (
					"$(inherited)",
					"@executable_path/Frameworks",
				);
				MARKETING_VERSION = 1.0;
				PRODUCT_BUNDLE_IDENTIFIER = com.Hospital;
				PRODUCT_NAME = "$(TARGET_NAME)";
				SWIFT_EMIT_LOC_STRINGS = YES;
				SWIFT_VERSION = 5.0;
				TARGETED_DEVICE_FAMILY = "1,2";
			};
			name = Release;
		};
		9E0F9957298E38EB001EC4F2 /* Debug */ = {
			isa = XCBuildConfiguration;
			baseConfigurationReference = C5AFC47D494C6EDEC9AC4D5E /* Pods-HospitalTests.debug.xcconfig */;
			buildSettings = {
				ALWAYS_EMBED_SWIFT_STANDARD_LIBRARIES = YES;
				BUNDLE_LOADER = "$(TEST_HOST)";
				CODE_SIGN_STYLE = Automatic;
				CURRENT_PROJECT_VERSION = 1;
				DEVELOPMENT_TEAM = V7SVWD59T3;
				GENERATE_INFOPLIST_FILE = YES;
				IPHONEOS_DEPLOYMENT_TARGET = 16.2;
				MARKETING_VERSION = 1.0;
				PRODUCT_BUNDLE_IDENTIFIER = com.HospitalTests;
				PRODUCT_NAME = "$(TARGET_NAME)";
				SWIFT_EMIT_LOC_STRINGS = NO;
				SWIFT_VERSION = 5.0;
				TARGETED_DEVICE_FAMILY = "1,2";
				TEST_HOST = "$(BUILT_PRODUCTS_DIR)/Hospital.app/$(BUNDLE_EXECUTABLE_FOLDER_PATH)/Hospital";
			};
			name = Debug;
		};
		9E0F9958298E38EB001EC4F2 /* Release */ = {
			isa = XCBuildConfiguration;
			baseConfigurationReference = D583BE8A16E57D4EBED87294 /* Pods-HospitalTests.release.xcconfig */;
			buildSettings = {
				ALWAYS_EMBED_SWIFT_STANDARD_LIBRARIES = YES;
				BUNDLE_LOADER = "$(TEST_HOST)";
				CODE_SIGN_STYLE = Automatic;
				CURRENT_PROJECT_VERSION = 1;
				DEVELOPMENT_TEAM = V7SVWD59T3;
				GENERATE_INFOPLIST_FILE = YES;
				IPHONEOS_DEPLOYMENT_TARGET = 16.2;
				MARKETING_VERSION = 1.0;
				PRODUCT_BUNDLE_IDENTIFIER = com.HospitalTests;
				PRODUCT_NAME = "$(TARGET_NAME)";
				SWIFT_EMIT_LOC_STRINGS = NO;
				SWIFT_VERSION = 5.0;
				TARGETED_DEVICE_FAMILY = "1,2";
				TEST_HOST = "$(BUILT_PRODUCTS_DIR)/Hospital.app/$(BUNDLE_EXECUTABLE_FOLDER_PATH)/Hospital";
			};
			name = Release;
		};
		9E0F995A298E38EB001EC4F2 /* Debug */ = {
			isa = XCBuildConfiguration;
			baseConfigurationReference = 95EE745794074886C6FCABBE /* Pods-Hospital-HospitalUITests.debug.xcconfig */;
			buildSettings = {
				ALWAYS_EMBED_SWIFT_STANDARD_LIBRARIES = YES;
				CODE_SIGN_STYLE = Automatic;
				CURRENT_PROJECT_VERSION = 1;
				DEVELOPMENT_TEAM = V7SVWD59T3;
				GENERATE_INFOPLIST_FILE = YES;
				MARKETING_VERSION = 1.0;
				PRODUCT_BUNDLE_IDENTIFIER = com.HospitalUITests;
				PRODUCT_NAME = "$(TARGET_NAME)";
				SWIFT_EMIT_LOC_STRINGS = NO;
				SWIFT_VERSION = 5.0;
				TARGETED_DEVICE_FAMILY = "1,2";
				TEST_TARGET_NAME = Hospital;
			};
			name = Debug;
		};
		9E0F995B298E38EB001EC4F2 /* Release */ = {
			isa = XCBuildConfiguration;
			baseConfigurationReference = 028F6ECAA3A6F4E794C930C8 /* Pods-Hospital-HospitalUITests.release.xcconfig */;
			buildSettings = {
				ALWAYS_EMBED_SWIFT_STANDARD_LIBRARIES = YES;
				CODE_SIGN_STYLE = Automatic;
				CURRENT_PROJECT_VERSION = 1;
				DEVELOPMENT_TEAM = V7SVWD59T3;
				GENERATE_INFOPLIST_FILE = YES;
				MARKETING_VERSION = 1.0;
				PRODUCT_BUNDLE_IDENTIFIER = com.HospitalUITests;
				PRODUCT_NAME = "$(TARGET_NAME)";
				SWIFT_EMIT_LOC_STRINGS = NO;
				SWIFT_VERSION = 5.0;
				TARGETED_DEVICE_FAMILY = "1,2";
				TEST_TARGET_NAME = Hospital;
			};
			name = Release;
		};
/* End XCBuildConfiguration section */

/* Begin XCConfigurationList section */
		9E0F9924298E38E8001EC4F2 /* Build configuration list for PBXProject "Hospital" */ = {
			isa = XCConfigurationList;
			buildConfigurations = (
				9E0F9951298E38EB001EC4F2 /* Debug */,
				9E0F9952298E38EB001EC4F2 /* Release */,
			);
			defaultConfigurationIsVisible = 0;
			defaultConfigurationName = Release;
		};
		9E0F9953298E38EB001EC4F2 /* Build configuration list for PBXNativeTarget "Hospital" */ = {
			isa = XCConfigurationList;
			buildConfigurations = (
				9E0F9954298E38EB001EC4F2 /* Debug */,
				9E0F9955298E38EB001EC4F2 /* Release */,
			);
			defaultConfigurationIsVisible = 0;
			defaultConfigurationName = Release;
		};
		9E0F9956298E38EB001EC4F2 /* Build configuration list for PBXNativeTarget "HospitalTests" */ = {
			isa = XCConfigurationList;
			buildConfigurations = (
				9E0F9957298E38EB001EC4F2 /* Debug */,
				9E0F9958298E38EB001EC4F2 /* Release */,
			);
			defaultConfigurationIsVisible = 0;
			defaultConfigurationName = Release;
		};
		9E0F9959298E38EB001EC4F2 /* Build configuration list for PBXNativeTarget "HospitalUITests" */ = {
			isa = XCConfigurationList;
			buildConfigurations = (
				9E0F995A298E38EB001EC4F2 /* Debug */,
				9E0F995B298E38EB001EC4F2 /* Release */,
			);
			defaultConfigurationIsVisible = 0;
			defaultConfigurationName = Release;
		};
/* End XCConfigurationList section */
	};
	rootObject = 9E0F9921298E38E8001EC4F2 /* Project object */;
}
